
Microsoft Visual Studio Solution File, Format Version 12.00
# Visual Studio Version 17
VisualStudioVersion = 17.5.002.0
MinimumVisualStudioVersion = 10.0.40219.1
Project("{9A19103F-16F7-4668-BE54-9A1E7A4F7556}") = "OtroProyect", "OtroProyect.csproj", "{749FDAC4-3F36-4025-9837-8F0E6164CEA6}"
EndProject
Project("{FAE04EC0-301F-11D3-BF4B-00C04F79EFBC}") = "Api-Author", "..\Api-Author\Api-Author.csproj", "{8CF30336-46D6-4EC0-BAED-5E3F611A8698}"
EndProject
Global
	GlobalSection(SolutionConfigurationPlatforms) = preSolution
		Debug|Any CPU = Debug|Any CPU
		Release|Any CPU = Release|Any CPU
	EndGlobalSection
	GlobalSection(ProjectConfigurationPlatforms) = postSolution
		{749FDAC4-3F36-4025-9837-8F0E6164CEA6}.Debug|Any CPU.ActiveCfg = Debug|Any CPU
		{749FDAC4-3F36-4025-9837-8F0E6164CEA6}.Debug|Any CPU.Build.0 = Debug|Any CPU
		{749FDAC4-3F36-4025-9837-8F0E6164CEA6}.Release|Any CPU.ActiveCfg = Release|Any CPU
		{749FDAC4-3F36-4025-9837-8F0E6164CEA6}.Release|Any CPU.Build.0 = Release|Any CPU
		{8CF30336-46D6-4EC0-BAED-5E3F611A8698}.Debug|Any CPU.ActiveCfg = Debug|Any CPU
		{8CF30336-46D6-4EC0-BAED-5E3F611A8698}.Debug|Any CPU.Build.0 = Debug|Any CPU
		{8CF30336-46D6-4EC0-BAED-5E3F611A8698}.Release|Any CPU.ActiveCfg = Release|Any CPU
		{8CF30336-46D6-4EC0-BAED-5E3F611A8698}.Release|Any CPU.Build.0 = Release|Any CPU
	EndGlobalSection
	GlobalSection(SolutionProperties) = preSolution
		HideSolutionNode = FALSE
	EndGlobalSection
	GlobalSection(ExtensibilityGlobals) = postSolution
		SolutionGuid = {04C45FD6-4EBF-4E20-8EC0-6C8541F7BA0B}
	EndGlobalSection
EndGlobal
